
Microsoft Visual Studio Solution File, Format Version 12.00
# Visual Studio Version 16
VisualStudioVersion = 16.0.31624.102
MinimumVisualStudioVersion = 10.0.40219.1
Project("{FAE04EC0-301F-11D3-BF4B-00C04F79EFBC}") = "ApiSolution", "ApiSolution\ApiSolution.csproj", "{6F089831-4907-46FA-9B6A-92590525B9E9}"
EndProject
Global
	GlobalSection(SolutionConfigurationPlatforms) = preSolution
		Debug|Any CPU = Debug|Any CPU
		Release|Any CPU = Release|Any CPU
	EndGlobalSection
	GlobalSection(ProjectConfigurationPlatforms) = postSolution
		{6F089831-4907-46FA-9B6A-92590525B9E9}.Debug|Any CPU.ActiveCfg = Debug|Any CPU
		{6F089831-4907-46FA-9B6A-92590525B9E9}.Debug|Any CPU.Build.0 = Debug|Any CPU
		{6F089831-4907-46FA-9B6A-92590525B9E9}.Release|Any CPU.ActiveCfg = Release|Any CPU
		{6F089831-4907-46FA-9B6A-92590525B9E9}.Release|Any CPU.Build.0 = Release|Any CPU
	EndGlobalSection
	GlobalSection(SolutionProperties) = preSolution
		HideSolutionNode = FALSE
	EndGlobalSection
	GlobalSection(ExtensibilityGlobals) = postSolution
		SolutionGuid = {5A49FD91-44FF-4AE0-9630-89BBD18B1554}
	EndGlobalSection
EndGlobal
